
Microsoft Visual Studio Solution File, Format Version 12.00
# Visual Studio Version 17
VisualStudioVersion = 17.4.33213.308
MinimumVisualStudioVersion = 10.0.40219.1
Project("{FAE04EC0-301F-11D3-BF4B-00C04F79EFBC}") = "LiteDbConsole", "LiteDbConsole\LiteDbConsole.csproj", "{A0B61F49-42EB-424F-BA58-E507E8592ECE}"
EndProject
Global
	GlobalSection(SolutionConfigurationPlatforms) = preSolution
		Debug|Any CPU = Debug|Any CPU
		Release|Any CPU = Release|Any CPU
	EndGlobalSection
	GlobalSection(ProjectConfigurationPlatforms) = postSolution
		{A0B61F49-42EB-424F-BA58-E507E8592ECE}.Debug|Any CPU.ActiveCfg = Debug|Any CPU
		{A0B61F49-42EB-424F-BA58-E507E8592ECE}.Debug|Any CPU.Build.0 = Debug|Any CPU
		{A0B61F49-42EB-424F-BA58-E507E8592ECE}.Release|Any CPU.ActiveCfg = Release|Any CPU
		{A0B61F49-42EB-424F-BA58-E507E8592ECE}.Release|Any CPU.Build.0 = Release|Any CPU
	EndGlobalSection
	GlobalSection(SolutionProperties) = preSolution
		HideSolutionNode = FALSE
	EndGlobalSection
	GlobalSection(ExtensibilityGlobals) = postSolution
		SolutionGuid = {EF981B30-5AE3-45D6-A9F7-1D6550B528C1}
	EndGlobalSection
EndGlobal
